
Microsoft Visual Studio Solution File, Format Version 12.00
# Visual Studio Version 16
VisualStudioVersion = 16.0.28803.156
MinimumVisualStudioVersion = 10.0.40219.1
Project("{9A19103F-16F7-4668-BE54-9A1E7A4F7556}") = "HowdyNeighbor", "HowdyNeighbor\HowdyNeighbor.csproj", "{ABB17D9F-CAA8-46C2-A1D5-D2B6B8CD302E}"
EndProject
Global
	GlobalSection(SolutionConfigurationPlatforms) = preSolution
		Debug|Any CPU = Debug|Any CPU
		Release|Any CPU = Release|Any CPU
	EndGlobalSection
	GlobalSection(ProjectConfigurationPlatforms) = postSolution
		{ABB17D9F-CAA8-46C2-A1D5-D2B6B8CD302E}.Debug|Any CPU.ActiveCfg = Debug|Any CPU
		{ABB17D9F-CAA8-46C2-A1D5-D2B6B8CD302E}.Debug|Any CPU.Build.0 = Debug|Any CPU
		{ABB17D9F-CAA8-46C2-A1D5-D2B6B8CD302E}.Release|Any CPU.ActiveCfg = Release|Any CPU
		{ABB17D9F-CAA8-46C2-A1D5-D2B6B8CD302E}.Release|Any CPU.Build.0 = Release|Any CPU
	EndGlobalSection
	GlobalSection(SolutionProperties) = preSolution
		HideSolutionNode = FALSE
	EndGlobalSection
	GlobalSection(ExtensibilityGlobals) = postSolution
		SolutionGuid = {0E703E52-D9B0-4383-ACF3-A0E9B7C245D6}
	EndGlobalSection
EndGlobal
